
Microsoft Visual Studio Solution File, Format Version 12.00
# Visual Studio Version 17
VisualStudioVersion = 17.3.32804.467
MinimumVisualStudioVersion = 10.0.40219.1
Project("{F184B08F-C81C-45F6-A57F-5ABD9991F28F}") = "Aplikasi Absensi Karyawan v1", "Aplikasi Absensi Karyawan v1.vbproj", "{6F76E474-83DF-4B81-9466-1E29B435E003}"
EndProject
Global
	GlobalSection(SolutionConfigurationPlatforms) = preSolution
		Debug|Any CPU = Debug|Any CPU
		Release|Any CPU = Release|Any CPU
	EndGlobalSection
	GlobalSection(ProjectConfigurationPlatforms) = postSolution
		{6F76E474-83DF-4B81-9466-1E29B435E003}.Debug|Any CPU.ActiveCfg = Debug|Any CPU
		{6F76E474-83DF-4B81-9466-1E29B435E003}.Debug|Any CPU.Build.0 = Debug|Any CPU
		{6F76E474-83DF-4B81-9466-1E29B435E003}.Release|Any CPU.ActiveCfg = Release|Any CPU
		{6F76E474-83DF-4B81-9466-1E29B435E003}.Release|Any CPU.Build.0 = Release|Any CPU
	EndGlobalSection
	GlobalSection(SolutionProperties) = preSolution
		HideSolutionNode = FALSE
	EndGlobalSection
	GlobalSection(ExtensibilityGlobals) = postSolution
		SolutionGuid = {3D9C2635-F10C-4C9C-B546-13FC48D32003}
	EndGlobalSection
EndGlobal
